{
  "version": 4,
  "terraform_version": "1.0.11",
  "serial": 77,
  "lineage": "9275c43d-ad89-a2c4-1525-da8eb8a1c5fc",
  "outputs": {},
  "resources": [
    {
      "module": "module.master",
      "mode": "managed",
      "type": "aws_eks_cluster",
      "name": "eks_cluster",
      "provider": "provider[\"registry.terraform.io/hashicorp/aws\"]",
      "instances": [
        {
          "schema_version": 0,
          "attributes": {
            "arn": "arn:aws:eks:us-east-1:816678621138:cluster/k8s-demo",
            "certificate_authority": [
              {
                "data": "LS0tLS1CRUdJTiBDRVJUSUZJQ0FURS0tLS0tCk1JSUM1ekNDQWMrZ0F3SUJBZ0lCQURBTkJna3Foa2lHOXcwQkFRc0ZBREFWTVJNd0VRWURWUVFERXdwcmRXSmwKY201bGRHVnpNQjRYRFRJeE1URXlOVEF3TkRreE5Gb1hEVE14TVRFeU16QXdORGt4TkZvd0ZURVRNQkVHQTFVRQpBeE1LYTNWaVpYSnVaWFJsY3pDQ0FTSXdEUVlKS29aSWh2Y05BUUVCQlFBRGdnRVBBRENDQVFvQ2dnRUJBS0tCCnBIeVlvMitZbjg2MTFLQzhoclNCQ0krZjJyWjNBYVBsRjRRblZBQXI4Y0h4djVPbmlvQkp4VnpCejZaOVNSZkMKTDZoaURSN1FDbWJUM1BSeWswZ1Ryamx3cnArRHlWUG9jaytjYmVjRWlpQ0tGQ0tPL2hUVWFJMU5qWXA5S1IxeApncDlZTExNb09SMThRbHZoNlg2aG5HRFR0WVZuL3NTSjZlaVBBeS8zTExuQStkMDl0eHdtNVJHQW5hRmNQbzNJCmlhRTVLRHRBd1RhRzlyOWc5UlJteStSTExpZWk2N0VSck4rSUdUb0h1ZEsxQWNXTFloaURBbFhDV0xJTHRtaTcKcEpKYUpTRHNkbUQ5b0E3WmpnZHFhQTF2TFR2M3FleHFHUDZ0OEd6bGhwUXNVMGlic3hkR2cvYXFxaHA1OTVlYwpMdnQxZGJKekhWelpuUFpDaWI4Q0F3RUFBYU5DTUVBd0RnWURWUjBQQVFIL0JBUURBZ0trTUE4R0ExVWRFd0VCCi93UUZNQU1CQWY4d0hRWURWUjBPQkJZRUZQRVhOWENVMmhPL2xvTnhZVGxNZXc1T1RydkFNQTBHQ1NxR1NJYjMKRFFFQkN3VUFBNElCQVFCVU8rUEpLcXBJb24yQzJwb3hJNW52THBmNkwveTVPTFdMMkdzbUJKVWQrdEM3bWlCcwpwbEwvQTRyMlBhN2FkOW0welg3Vjd1L2NLeld5V1YzNGdmNW5XTFVCcnJUSGNaeTUxMmJOY1VZSlA2SFg1S3kxCkNtY3RzUzd3d0ZDR2xyNmVYTWMvRnRxb2V1NVkrZEtKOG9rdmsxalA3ZnJoQlQ0Qk53T2FTOWE1STNEeStQVXIKTXhEVGdwd2lPN0hVb1Arbi93bW44NkNmK0ZMemVPemZLTmhwSWxnMHFvVGhnYnpVZGppM3o3TnVoeU5seUxHTQpaZ1Z2QXl1SnZuQ3FaZDBtUGkrOFJNL29ZaEdVbXZnVVFxVVlZSFR4akZCckkvei9Mc3VTTEI1WW9ZL2c4VlBRCnZYbmw0ZDgvYXcvY1gzMlRkaGh4UFRobEtnajZTWnlkOEl6TgotLS0tLUVORCBDRVJUSUZJQ0FURS0tLS0tCg=="
              }
            ],
            "created_at": "2021-11-25 00:42:50.055 +0000 UTC",
            "enabled_cluster_log_types": null,
            "encryption_config": [],
            "endpoint": "https://6CF292004623B17A21857D3F088DCBF7.gr7.us-east-1.eks.amazonaws.com",
            "id": "k8s-demo",
            "identity": [
              {
                "oidc": [
                  {
                    "issuer": "https://oidc.eks.us-east-1.amazonaws.com/id/6CF292004623B17A21857D3F088DCBF7"
                  }
                ]
              }
            ],
            "kubernetes_network_config": [
              {
                "service_ipv4_cidr": "172.20.0.0/16"
              }
            ],
            "name": "k8s-demo",
            "platform_version": "eks.3",
            "role_arn": "arn:aws:iam::816678621138:role/k8s-demo-master-role",
            "status": "ACTIVE",
            "tags": null,
            "tags_all": {},
            "timeouts": null,
            "version": "1.21",
            "vpc_config": [
              {
                "cluster_security_group_id": "sg-0267784f68b968fdb",
                "endpoint_private_access": false,
                "endpoint_public_access": true,
                "public_access_cidrs": [
                  "0.0.0.0/0"
                ],
                "security_group_ids": null,
                "subnet_ids": [
                  "subnet-07b36d81453e7a823",
                  "subnet-0d08c1cb0851de800"
                ],
                "vpc_id": "vpc-062a6b8da32aeb184"
              }
            ]
          },
          "sensitive_attributes": [],
          "private": "eyJlMmJmYjczMC1lY2FhLTExZTYtOGY4OC0zNDM2M2JjN2M0YzAiOnsiY3JlYXRlIjoxODAwMDAwMDAwMDAwLCJkZWxldGUiOjkwMDAwMDAwMDAwMCwidXBkYXRlIjozNjAwMDAwMDAwMDAwfX0=",
          "dependencies": [
            "module.master.aws_iam_role.eks_master_role",
            "module.master.aws_iam_role_policy_attachment.eks_cluster_cluster",
            "module.master.aws_iam_role_policy_attachment.eks_cluster_service",
            "module.network.aws_subnet.eks_subnet_private_1a",
            "module.network.aws_subnet.eks_subnet_private_1b",
            "module.network.aws_vpc.eks_vpc"
          ]
        }
      ]
    },
    {
      "module": "module.master",
      "mode": "managed",
      "type": "aws_iam_role",
      "name": "eks_master_role",
      "provider": "provider[\"registry.terraform.io/hashicorp/aws\"]",
      "instances": [
        {
          "schema_version": 0,
          "attributes": {
            "arn": "arn:aws:iam::816678621138:role/k8s-demo-master-role",
            "assume_role_policy": "{\"Version\":\"2012-10-17\",\"Statement\":[{\"Effect\":\"Allow\",\"Principal\":{\"Service\":\"eks.amazonaws.com\"},\"Action\":\"sts:AssumeRole\"}]}",
            "create_date": "2021-11-25T00:41:50Z",
            "description": "",
            "force_detach_policies": false,
            "id": "k8s-demo-master-role",
            "inline_policy": [
              {
                "name": "",
                "policy": ""
              }
            ],
            "managed_policy_arns": [],
            "max_session_duration": 3600,
            "name": "k8s-demo-master-role",
            "name_prefix": "",
            "path": "/",
            "permissions_boundary": null,
            "tags": null,
            "tags_all": {},
            "unique_id": "AROA34JOWZ7JPJJXEIRPE"
          },
          "sensitive_attributes": [],
          "private": "bnVsbA=="
        }
      ]
    },
    {
      "module": "module.master",
      "mode": "managed",
      "type": "aws_iam_role_policy_attachment",
      "name": "eks_cluster_cluster",
      "provider": "provider[\"registry.terraform.io/hashicorp/aws\"]",
      "instances": [
        {
          "schema_version": 0,
          "attributes": {
            "id": "k8s-demo-master-role-20211125004203231200000001",
            "policy_arn": "arn:aws:iam::aws:policy/AmazonEKSClusterPolicy",
            "role": "k8s-demo-master-role"
          },
          "sensitive_attributes": [],
          "private": "bnVsbA==",
          "dependencies": [
            "module.master.aws_iam_role.eks_master_role"
          ]
        }
      ]
    },
    {
      "module": "module.master",
      "mode": "managed",
      "type": "aws_iam_role_policy_attachment",
      "name": "eks_cluster_service",
      "provider": "provider[\"registry.terraform.io/hashicorp/aws\"]",
      "instances": [
        {
          "schema_version": 0,
          "attributes": {
            "id": "k8s-demo-master-role-20211125004203242700000002",
            "policy_arn": "arn:aws:iam::aws:policy/AmazonEKSServicePolicy",
            "role": "k8s-demo-master-role"
          },
          "sensitive_attributes": [],
          "private": "bnVsbA==",
          "dependencies": [
            "module.master.aws_iam_role.eks_master_role"
          ]
        }
      ]
    },
    {
      "module": "module.master",
      "mode": "managed",
      "type": "aws_security_group_rule",
      "name": "eks_sg_ingress_rule",
      "provider": "provider[\"registry.terraform.io/hashicorp/aws\"]",
      "instances": [
        {
          "schema_version": 2,
          "attributes": {
            "cidr_blocks": [
              "0.0.0.0/0"
            ],
            "description": null,
            "from_port": 443,
            "id": "sgrule-2684182340",
            "ipv6_cidr_blocks": null,
            "prefix_list_ids": null,
            "protocol": "tcp",
            "security_group_id": "sg-0267784f68b968fdb",
            "self": false,
            "source_security_group_id": null,
            "to_port": 443,
            "type": "ingress"
          },
          "sensitive_attributes": [],
          "private": "eyJzY2hlbWFfdmVyc2lvbiI6IjIifQ==",
          "dependencies": [
            "module.master.aws_eks_cluster.eks_cluster",
            "module.master.aws_iam_role.eks_master_role",
            "module.master.aws_iam_role_policy_attachment.eks_cluster_cluster",
            "module.master.aws_iam_role_policy_attachment.eks_cluster_service",
            "module.network.aws_subnet.eks_subnet_private_1a",
            "module.network.aws_subnet.eks_subnet_private_1b",
            "module.network.aws_vpc.eks_vpc"
          ]
        }
      ]
    },
    {
      "module": "module.network",
      "mode": "managed",
      "type": "aws_eip",
      "name": "eks_eip",
      "provider": "provider[\"registry.terraform.io/hashicorp/aws\"]",
      "instances": [
        {
          "schema_version": 0,
          "attributes": {
            "address": null,
            "allocation_id": "eipalloc-0be0c4ea8eb8afaef",
            "associate_with_private_ip": null,
            "association_id": "",
            "carrier_ip": "",
            "customer_owned_ip": "",
            "customer_owned_ipv4_pool": "",
            "domain": "vpc",
            "id": "eipalloc-0be0c4ea8eb8afaef",
            "instance": "",
            "network_border_group": "us-east-1",
            "network_interface": "",
            "private_dns": null,
            "private_ip": "",
            "public_dns": "ec2-54-211-239-251.compute-1.amazonaws.com",
            "public_ip": "54.211.239.251",
            "public_ipv4_pool": "amazon",
            "tags": {
              "Name": "k8s-demo-elastic-ip"
            },
            "tags_all": {
              "Name": "k8s-demo-elastic-ip"
            },
            "timeouts": null,
            "vpc": true
          },
          "sensitive_attributes": [],
          "private": "eyJlMmJmYjczMC1lY2FhLTExZTYtOGY4OC0zNDM2M2JjN2M0YzAiOnsiZGVsZXRlIjoxODAwMDAwMDAwMDAsInJlYWQiOjkwMDAwMDAwMDAwMCwidXBkYXRlIjozMDAwMDAwMDAwMDB9fQ=="
        }
      ]
    },
    {
      "module": "module.network",
      "mode": "managed",
      "type": "aws_internet_gateway",
      "name": "eks_ig",
      "provider": "provider[\"registry.terraform.io/hashicorp/aws\"]",
      "instances": [
        {
          "schema_version": 0,
          "attributes": {
            "arn": "arn:aws:ec2:us-east-1:816678621138:internet-gateway/igw-000a3e75412d14d54",
            "id": "igw-000a3e75412d14d54",
            "owner_id": "816678621138",
            "tags": {
              "Name": "k8s-demo-internet-gateway"
            },
            "tags_all": {
              "Name": "k8s-demo-internet-gateway"
            },
            "vpc_id": "vpc-062a6b8da32aeb184"
          },
          "sensitive_attributes": [],
          "private": "bnVsbA==",
          "dependencies": [
            "module.network.aws_vpc.eks_vpc"
          ]
        }
      ]
    },
    {
      "module": "module.network",
      "mode": "managed",
      "type": "aws_nat_gateway",
      "name": "eks_nat_gw",
      "provider": "provider[\"registry.terraform.io/hashicorp/aws\"]",
      "instances": [
        {
          "schema_version": 0,
          "attributes": {
            "allocation_id": "eipalloc-0be0c4ea8eb8afaef",
            "connectivity_type": "public",
            "id": "nat-05d575d12094462b3",
            "network_interface_id": "eni-0ec47c6ff3a404370",
            "private_ip": "10.0.3.214",
            "public_ip": "54.211.239.251",
            "subnet_id": "subnet-0e0e58172b7cac5e7",
            "tags": {
              "Name": "k8s-demo-nat-gateway"
            },
            "tags_all": {
              "Name": "k8s-demo-nat-gateway"
            }
          },
          "sensitive_attributes": [],
          "private": "bnVsbA==",
          "dependencies": [
            "module.network.aws_eip.eks_eip",
            "module.network.aws_subnet.eks_subnet_public_1a",
            "module.network.aws_vpc.eks_vpc"
          ]
        }
      ]
    },
    {
      "module": "module.network",
      "mode": "managed",
      "type": "aws_route_table",
      "name": "eks_nat_rt",
      "provider": "provider[\"registry.terraform.io/hashicorp/aws\"]",
      "instances": [
        {
          "schema_version": 0,
          "attributes": {
            "arn": "arn:aws:ec2:us-east-1:816678621138:route-table/rtb-02f70e7fe811e37f4",
            "id": "rtb-02f70e7fe811e37f4",
            "owner_id": "816678621138",
            "propagating_vgws": [],
            "route": [
              {
                "carrier_gateway_id": "",
                "cidr_block": "0.0.0.0/0",
                "destination_prefix_list_id": "",
                "egress_only_gateway_id": "",
                "gateway_id": "",
                "instance_id": "",
                "ipv6_cidr_block": "",
                "local_gateway_id": "",
                "nat_gateway_id": "nat-05d575d12094462b3",
                "network_interface_id": "",
                "transit_gateway_id": "",
                "vpc_endpoint_id": "",
                "vpc_peering_connection_id": ""
              }
            ],
            "tags": {
              "Name": "k8s-demo-private-rt"
            },
            "tags_all": {
              "Name": "k8s-demo-private-rt"
            },
            "timeouts": null,
            "vpc_id": "vpc-062a6b8da32aeb184"
          },
          "sensitive_attributes": [],
          "private": "eyJlMmJmYjczMC1lY2FhLTExZTYtOGY4OC0zNDM2M2JjN2M0YzAiOnsiY3JlYXRlIjoxMjAwMDAwMDAwMDAsImRlbGV0ZSI6MzAwMDAwMDAwMDAwLCJ1cGRhdGUiOjEyMDAwMDAwMDAwMH19",
          "dependencies": [
            "module.network.aws_eip.eks_eip",
            "module.network.aws_nat_gateway.eks_nat_gw",
            "module.network.aws_subnet.eks_subnet_public_1a",
            "module.network.aws_vpc.eks_vpc"
          ]
        }
      ]
    },
    {
      "module": "module.network",
      "mode": "managed",
      "type": "aws_route_table",
      "name": "eks_public_rt",
      "provider": "provider[\"registry.terraform.io/hashicorp/aws\"]",
      "instances": [
        {
          "schema_version": 0,
          "attributes": {
            "arn": "arn:aws:ec2:us-east-1:816678621138:route-table/rtb-0d2ab9238b0ffef41",
            "id": "rtb-0d2ab9238b0ffef41",
            "owner_id": "816678621138",
            "propagating_vgws": [],
            "route": [
              {
                "carrier_gateway_id": "",
                "cidr_block": "0.0.0.0/0",
                "destination_prefix_list_id": "",
                "egress_only_gateway_id": "",
                "gateway_id": "igw-000a3e75412d14d54",
                "instance_id": "",
                "ipv6_cidr_block": "",
                "local_gateway_id": "",
                "nat_gateway_id": "",
                "network_interface_id": "",
                "transit_gateway_id": "",
                "vpc_endpoint_id": "",
                "vpc_peering_connection_id": ""
              }
            ],
            "tags": {
              "Name": "k8s-demo-public-rt"
            },
            "tags_all": {
              "Name": "k8s-demo-public-rt"
            },
            "timeouts": null,
            "vpc_id": "vpc-062a6b8da32aeb184"
          },
          "sensitive_attributes": [],
          "private": "eyJlMmJmYjczMC1lY2FhLTExZTYtOGY4OC0zNDM2M2JjN2M0YzAiOnsiY3JlYXRlIjoxMjAwMDAwMDAwMDAsImRlbGV0ZSI6MzAwMDAwMDAwMDAwLCJ1cGRhdGUiOjEyMDAwMDAwMDAwMH19",
          "dependencies": [
            "module.network.aws_internet_gateway.eks_ig",
            "module.network.aws_vpc.eks_vpc"
          ]
        }
      ]
    },
    {
      "module": "module.network",
      "mode": "managed",
      "type": "aws_route_table_association",
      "name": "eks_private_rt_association_1a",
      "provider": "provider[\"registry.terraform.io/hashicorp/aws\"]",
      "instances": [
        {
          "schema_version": 0,
          "attributes": {
            "gateway_id": "",
            "id": "rtbassoc-0cad08757d572647f",
            "route_table_id": "rtb-02f70e7fe811e37f4",
            "subnet_id": "subnet-0d08c1cb0851de800"
          },
          "sensitive_attributes": [],
          "private": "bnVsbA==",
          "dependencies": [
            "module.network.aws_eip.eks_eip",
            "module.network.aws_nat_gateway.eks_nat_gw",
            "module.network.aws_route_table.eks_nat_rt",
            "module.network.aws_subnet.eks_subnet_private_1a",
            "module.network.aws_subnet.eks_subnet_public_1a",
            "module.network.aws_vpc.eks_vpc"
          ]
        }
      ]
    },
    {
      "module": "module.network",
      "mode": "managed",
      "type": "aws_route_table_association",
      "name": "eks_private_rt_association_1b",
      "provider": "provider[\"registry.terraform.io/hashicorp/aws\"]",
      "instances": [
        {
          "schema_version": 0,
          "attributes": {
            "gateway_id": "",
            "id": "rtbassoc-0ceee9c44e281edbc",
            "route_table_id": "rtb-02f70e7fe811e37f4",
            "subnet_id": "subnet-07b36d81453e7a823"
          },
          "sensitive_attributes": [],
          "private": "bnVsbA==",
          "dependencies": [
            "module.network.aws_eip.eks_eip",
            "module.network.aws_nat_gateway.eks_nat_gw",
            "module.network.aws_route_table.eks_nat_rt",
            "module.network.aws_subnet.eks_subnet_private_1b",
            "module.network.aws_subnet.eks_subnet_public_1a",
            "module.network.aws_vpc.eks_vpc"
          ]
        }
      ]
    },
    {
      "module": "module.network",
      "mode": "managed",
      "type": "aws_route_table_association",
      "name": "eks_public_rt_association_1a",
      "provider": "provider[\"registry.terraform.io/hashicorp/aws\"]",
      "instances": [
        {
          "schema_version": 0,
          "attributes": {
            "gateway_id": "",
            "id": "rtbassoc-06991842fcc9f32b4",
            "route_table_id": "rtb-0d2ab9238b0ffef41",
            "subnet_id": "subnet-0e0e58172b7cac5e7"
          },
          "sensitive_attributes": [],
          "private": "bnVsbA==",
          "dependencies": [
            "module.network.aws_internet_gateway.eks_ig",
            "module.network.aws_route_table.eks_public_rt",
            "module.network.aws_subnet.eks_subnet_public_1a",
            "module.network.aws_vpc.eks_vpc"
          ]
        }
      ]
    },
    {
      "module": "module.network",
      "mode": "managed",
      "type": "aws_route_table_association",
      "name": "eks_public_rt_association_1b",
      "provider": "provider[\"registry.terraform.io/hashicorp/aws\"]",
      "instances": [
        {
          "schema_version": 0,
          "attributes": {
            "gateway_id": "",
            "id": "rtbassoc-050a35d0cb2869092",
            "route_table_id": "rtb-0d2ab9238b0ffef41",
            "subnet_id": "subnet-0729fcd565b87ca3f"
          },
          "sensitive_attributes": [],
          "private": "bnVsbA==",
          "dependencies": [
            "module.network.aws_internet_gateway.eks_ig",
            "module.network.aws_route_table.eks_public_rt",
            "module.network.aws_subnet.eks_subnet_public_1b",
            "module.network.aws_vpc.eks_vpc"
          ]
        }
      ]
    },
    {
      "module": "module.network",
      "mode": "managed",
      "type": "aws_subnet",
      "name": "eks_subnet_private_1a",
      "provider": "provider[\"registry.terraform.io/hashicorp/aws\"]",
      "instances": [
        {
          "schema_version": 1,
          "attributes": {
            "arn": "arn:aws:ec2:us-east-1:816678621138:subnet/subnet-0d08c1cb0851de800",
            "assign_ipv6_address_on_creation": false,
            "availability_zone": "us-east-1a",
            "availability_zone_id": "use1-az1",
            "cidr_block": "10.0.1.0/24",
            "customer_owned_ipv4_pool": "",
            "id": "subnet-0d08c1cb0851de800",
            "ipv6_cidr_block": "",
            "ipv6_cidr_block_association_id": "",
            "map_customer_owned_ip_on_launch": false,
            "map_public_ip_on_launch": false,
            "outpost_arn": "",
            "owner_id": "816678621138",
            "tags": {
              "Name": "k8s-demo-subnet-private-1a",
              "kubernetes.io/cluster/k8s-demo": "shared"
            },
            "tags_all": {
              "Name": "k8s-demo-subnet-private-1a",
              "kubernetes.io/cluster/k8s-demo": "shared"
            },
            "timeouts": null,
            "vpc_id": "vpc-062a6b8da32aeb184"
          },
          "sensitive_attributes": [],
          "private": "eyJlMmJmYjczMC1lY2FhLTExZTYtOGY4OC0zNDM2M2JjN2M0YzAiOnsiY3JlYXRlIjo2MDAwMDAwMDAwMDAsImRlbGV0ZSI6MTIwMDAwMDAwMDAwMH0sInNjaGVtYV92ZXJzaW9uIjoiMSJ9",
          "dependencies": [
            "module.network.aws_vpc.eks_vpc"
          ]
        }
      ]
    },
    {
      "module": "module.network",
      "mode": "managed",
      "type": "aws_subnet",
      "name": "eks_subnet_private_1b",
      "provider": "provider[\"registry.terraform.io/hashicorp/aws\"]",
      "instances": [
        {
          "schema_version": 1,
          "attributes": {
            "arn": "arn:aws:ec2:us-east-1:816678621138:subnet/subnet-07b36d81453e7a823",
            "assign_ipv6_address_on_creation": false,
            "availability_zone": "us-east-1b",
            "availability_zone_id": "use1-az2",
            "cidr_block": "10.0.2.0/24",
            "customer_owned_ipv4_pool": "",
            "id": "subnet-07b36d81453e7a823",
            "ipv6_cidr_block": "",
            "ipv6_cidr_block_association_id": "",
            "map_customer_owned_ip_on_launch": false,
            "map_public_ip_on_launch": false,
            "outpost_arn": "",
            "owner_id": "816678621138",
            "tags": {
              "Name": "k8s-demo-subnet-private-1b",
              "kubernetes.io/cluster/k8s-demo": "shared"
            },
            "tags_all": {
              "Name": "k8s-demo-subnet-private-1b",
              "kubernetes.io/cluster/k8s-demo": "shared"
            },
            "timeouts": null,
            "vpc_id": "vpc-062a6b8da32aeb184"
          },
          "sensitive_attributes": [],
          "private": "eyJlMmJmYjczMC1lY2FhLTExZTYtOGY4OC0zNDM2M2JjN2M0YzAiOnsiY3JlYXRlIjo2MDAwMDAwMDAwMDAsImRlbGV0ZSI6MTIwMDAwMDAwMDAwMH0sInNjaGVtYV92ZXJzaW9uIjoiMSJ9",
          "dependencies": [
            "module.network.aws_vpc.eks_vpc"
          ]
        }
      ]
    },
    {
      "module": "module.network",
      "mode": "managed",
      "type": "aws_subnet",
      "name": "eks_subnet_public_1a",
      "provider": "provider[\"registry.terraform.io/hashicorp/aws\"]",
      "instances": [
        {
          "schema_version": 1,
          "attributes": {
            "arn": "arn:aws:ec2:us-east-1:816678621138:subnet/subnet-0e0e58172b7cac5e7",
            "assign_ipv6_address_on_creation": false,
            "availability_zone": "us-east-1a",
            "availability_zone_id": "use1-az1",
            "cidr_block": "10.0.3.0/24",
            "customer_owned_ipv4_pool": "",
            "id": "subnet-0e0e58172b7cac5e7",
            "ipv6_cidr_block": "",
            "ipv6_cidr_block_association_id": "",
            "map_customer_owned_ip_on_launch": false,
            "map_public_ip_on_launch": true,
            "outpost_arn": "",
            "owner_id": "816678621138",
            "tags": {
              "Name": "k8s-demo-subnet-public-1a",
              "kubernetes.io/cluster/k8s-demo": "shared"
            },
            "tags_all": {
              "Name": "k8s-demo-subnet-public-1a",
              "kubernetes.io/cluster/k8s-demo": "shared"
            },
            "timeouts": null,
            "vpc_id": "vpc-062a6b8da32aeb184"
          },
          "sensitive_attributes": [],
          "private": "eyJlMmJmYjczMC1lY2FhLTExZTYtOGY4OC0zNDM2M2JjN2M0YzAiOnsiY3JlYXRlIjo2MDAwMDAwMDAwMDAsImRlbGV0ZSI6MTIwMDAwMDAwMDAwMH0sInNjaGVtYV92ZXJzaW9uIjoiMSJ9",
          "dependencies": [
            "module.network.aws_vpc.eks_vpc"
          ]
        }
      ]
    },
    {
      "module": "module.network",
      "mode": "managed",
      "type": "aws_subnet",
      "name": "eks_subnet_public_1b",
      "provider": "provider[\"registry.terraform.io/hashicorp/aws\"]",
      "instances": [
        {
          "schema_version": 1,
          "attributes": {
            "arn": "arn:aws:ec2:us-east-1:816678621138:subnet/subnet-0729fcd565b87ca3f",
            "assign_ipv6_address_on_creation": false,
            "availability_zone": "us-east-1b",
            "availability_zone_id": "use1-az2",
            "cidr_block": "10.0.4.0/24",
            "customer_owned_ipv4_pool": "",
            "id": "subnet-0729fcd565b87ca3f",
            "ipv6_cidr_block": "",
            "ipv6_cidr_block_association_id": "",
            "map_customer_owned_ip_on_launch": false,
            "map_public_ip_on_launch": true,
            "outpost_arn": "",
            "owner_id": "816678621138",
            "tags": {
              "Name": "k8s-demo-subnet-public-1b",
              "kubernetes.io/cluster/k8s-demo": "shared"
            },
            "tags_all": {
              "Name": "k8s-demo-subnet-public-1b",
              "kubernetes.io/cluster/k8s-demo": "shared"
            },
            "timeouts": null,
            "vpc_id": "vpc-062a6b8da32aeb184"
          },
          "sensitive_attributes": [],
          "private": "eyJlMmJmYjczMC1lY2FhLTExZTYtOGY4OC0zNDM2M2JjN2M0YzAiOnsiY3JlYXRlIjo2MDAwMDAwMDAwMDAsImRlbGV0ZSI6MTIwMDAwMDAwMDAwMH0sInNjaGVtYV92ZXJzaW9uIjoiMSJ9",
          "dependencies": [
            "module.network.aws_vpc.eks_vpc"
          ]
        }
      ]
    },
    {
      "module": "module.network",
      "mode": "managed",
      "type": "aws_vpc",
      "name": "eks_vpc",
      "provider": "provider[\"registry.terraform.io/hashicorp/aws\"]",
      "instances": [
        {
          "schema_version": 1,
          "attributes": {
            "arn": "arn:aws:ec2:us-east-1:816678621138:vpc/vpc-062a6b8da32aeb184",
            "assign_generated_ipv6_cidr_block": false,
            "cidr_block": "10.0.0.0/16",
            "default_network_acl_id": "acl-084b8d78d3a86caca",
            "default_route_table_id": "rtb-0dffdd01d1ba062cb",
            "default_security_group_id": "sg-0401c20232ef34ba4",
            "dhcp_options_id": "dopt-3f796e45",
            "enable_classiclink": false,
            "enable_classiclink_dns_support": false,
            "enable_dns_hostnames": true,
            "enable_dns_support": true,
            "id": "vpc-062a6b8da32aeb184",
            "instance_tenancy": "default",
            "ipv6_association_id": "",
            "ipv6_cidr_block": "",
            "main_route_table_id": "rtb-0dffdd01d1ba062cb",
            "owner_id": "816678621138",
            "tags": {
              "Name": "k8s-demo-vpc"
            },
            "tags_all": {
              "Name": "k8s-demo-vpc"
            }
          },
          "sensitive_attributes": [],
          "private": "eyJzY2hlbWFfdmVyc2lvbiI6IjEifQ=="
        }
      ]
    },
    {
      "module": "module.node",
      "mode": "managed",
      "type": "aws_eks_node_group",
      "name": "eks_node_group",
      "provider": "provider[\"registry.terraform.io/hashicorp/aws\"]",
      "instances": [
        {
          "schema_version": 0,
          "attributes": {
            "ami_type": "AL2_x86_64",
            "arn": "arn:aws:eks:us-east-1:816678621138:nodegroup/k8s-demo/k8s-demo-node-group/9cbeaa4a-59dc-bf5c-cb4b-c740e6a3fa94",
            "capacity_type": "ON_DEMAND",
            "cluster_name": "k8s-demo",
            "disk_size": 20,
            "force_update_version": null,
            "id": "k8s-demo:k8s-demo-node-group",
            "instance_types": [
              "t3.medium"
            ],
            "labels": null,
            "launch_template": [],
            "node_group_name": "k8s-demo-node-group",
            "node_group_name_prefix": "",
            "node_role_arn": "arn:aws:iam::816678621138:role/k8s-demo-node-role",
            "release_version": "1.21.5-20211117",
            "remote_access": [],
            "resources": [
              {
                "autoscaling_groups": [
                  {
                    "name": "eks-k8s-demo-node-group-9cbeaa4a-59dc-bf5c-cb4b-c740e6a3fa94"
                  }
                ],
                "remote_access_security_group_id": ""
              }
            ],
            "scaling_config": [
              {
                "desired_size": 2,
                "max_size": 4,
                "min_size": 1
              }
            ],
            "status": "ACTIVE",
            "subnet_ids": [
              "subnet-07b36d81453e7a823",
              "subnet-0d08c1cb0851de800"
            ],
            "tags": null,
            "tags_all": {},
            "taint": [],
            "timeouts": null,
            "update_config": [
              {
                "max_unavailable": 1,
                "max_unavailable_percentage": 0
              }
            ],
            "version": "1.21"
          },
          "sensitive_attributes": [],
          "private": "eyJlMmJmYjczMC1lY2FhLTExZTYtOGY4OC0zNDM2M2JjN2M0YzAiOnsiY3JlYXRlIjozNjAwMDAwMDAwMDAwLCJkZWxldGUiOjM2MDAwMDAwMDAwMDAsInVwZGF0ZSI6MzYwMDAwMDAwMDAwMH19",
          "dependencies": [
            "module.master.aws_eks_cluster.eks_cluster",
            "module.master.aws_iam_role.eks_master_role",
            "module.master.aws_iam_role_policy_attachment.eks_cluster_cluster",
            "module.master.aws_iam_role_policy_attachment.eks_cluster_service",
            "module.network.aws_subnet.eks_subnet_private_1a",
            "module.network.aws_subnet.eks_subnet_private_1b",
            "module.network.aws_vpc.eks_vpc",
            "module.node.aws_iam_role.eks_node_role",
            "module.node.aws_iam_role_policy_attachment.eks_AmazonEC2ContainerRegistryReadOnly",
            "module.node.aws_iam_role_policy_attachment.eks_AmazonEKSWorkerNodePolicy",
            "module.node.aws_iam_role_policy_attachment.eks_AmazonEKS_CNI_Policy"
          ]
        }
      ]
    },
    {
      "module": "module.node",
      "mode": "managed",
      "type": "aws_iam_role",
      "name": "eks_node_role",
      "provider": "provider[\"registry.terraform.io/hashicorp/aws\"]",
      "instances": [
        {
          "schema_version": 0,
          "attributes": {
            "arn": "arn:aws:iam::816678621138:role/k8s-demo-node-role",
            "assume_role_policy": "{\"Version\":\"2012-10-17\",\"Statement\":[{\"Effect\":\"Allow\",\"Principal\":{\"Service\":\"ec2.amazonaws.com\"},\"Action\":\"sts:AssumeRole\"}]}",
            "create_date": "2021-11-25T00:52:46Z",
            "description": "",
            "force_detach_policies": false,
            "id": "k8s-demo-node-role",
            "inline_policy": [
              {
                "name": "",
                "policy": ""
              }
            ],
            "managed_policy_arns": [],
            "max_session_duration": 3600,
            "name": "k8s-demo-node-role",
            "name_prefix": "",
            "path": "/",
            "permissions_boundary": null,
            "tags": null,
            "tags_all": {},
            "unique_id": "AROA34JOWZ7JMSQ4PDE2K"
          },
          "sensitive_attributes": [],
          "private": "bnVsbA==",
          "dependencies": [
            "module.master.aws_eks_cluster.eks_cluster",
            "module.master.aws_iam_role.eks_master_role",
            "module.master.aws_iam_role_policy_attachment.eks_cluster_cluster",
            "module.master.aws_iam_role_policy_attachment.eks_cluster_service",
            "module.network.aws_subnet.eks_subnet_private_1a",
            "module.network.aws_subnet.eks_subnet_private_1b",
            "module.network.aws_vpc.eks_vpc"
          ]
        }
      ]
    },
    {
      "module": "module.node",
      "mode": "managed",
      "type": "aws_iam_role_policy_attachment",
      "name": "eks_AmazonEC2ContainerRegistryReadOnly",
      "provider": "provider[\"registry.terraform.io/hashicorp/aws\"]",
      "instances": [
        {
          "schema_version": 0,
          "attributes": {
            "id": "k8s-demo-node-role-20211125005249830300000005",
            "policy_arn": "arn:aws:iam::aws:policy/AmazonEC2ContainerRegistryReadOnly",
            "role": "k8s-demo-node-role"
          },
          "sensitive_attributes": [],
          "private": "bnVsbA==",
          "dependencies": [
            "module.master.aws_eks_cluster.eks_cluster",
            "module.master.aws_iam_role.eks_master_role",
            "module.master.aws_iam_role_policy_attachment.eks_cluster_cluster",
            "module.master.aws_iam_role_policy_attachment.eks_cluster_service",
            "module.network.aws_subnet.eks_subnet_private_1a",
            "module.network.aws_subnet.eks_subnet_private_1b",
            "module.network.aws_vpc.eks_vpc",
            "module.node.aws_iam_role.eks_node_role"
          ]
        }
      ]
    },
    {
      "module": "module.node",
      "mode": "managed",
      "type": "aws_iam_role_policy_attachment",
      "name": "eks_AmazonEKSWorkerNodePolicy",
      "provider": "provider[\"registry.terraform.io/hashicorp/aws\"]",
      "instances": [
        {
          "schema_version": 0,
          "attributes": {
            "id": "k8s-demo-node-role-20211125005249826300000003",
            "policy_arn": "arn:aws:iam::aws:policy/AmazonEKSWorkerNodePolicy",
            "role": "k8s-demo-node-role"
          },
          "sensitive_attributes": [],
          "private": "bnVsbA==",
          "dependencies": [
            "module.master.aws_eks_cluster.eks_cluster",
            "module.master.aws_iam_role.eks_master_role",
            "module.master.aws_iam_role_policy_attachment.eks_cluster_cluster",
            "module.master.aws_iam_role_policy_attachment.eks_cluster_service",
            "module.network.aws_subnet.eks_subnet_private_1a",
            "module.network.aws_subnet.eks_subnet_private_1b",
            "module.network.aws_vpc.eks_vpc",
            "module.node.aws_iam_role.eks_node_role"
          ]
        }
      ]
    },
    {
      "module": "module.node",
      "mode": "managed",
      "type": "aws_iam_role_policy_attachment",
      "name": "eks_AmazonEKS_CNI_Policy",
      "provider": "provider[\"registry.terraform.io/hashicorp/aws\"]",
      "instances": [
        {
          "schema_version": 0,
          "attributes": {
            "id": "k8s-demo-node-role-20211125005249828800000004",
            "policy_arn": "arn:aws:iam::aws:policy/AmazonEKS_CNI_Policy",
            "role": "k8s-demo-node-role"
          },
          "sensitive_attributes": [],
          "private": "bnVsbA==",
          "dependencies": [
            "module.master.aws_eks_cluster.eks_cluster",
            "module.master.aws_iam_role.eks_master_role",
            "module.master.aws_iam_role_policy_attachment.eks_cluster_cluster",
            "module.master.aws_iam_role_policy_attachment.eks_cluster_service",
            "module.network.aws_subnet.eks_subnet_private_1a",
            "module.network.aws_subnet.eks_subnet_private_1b",
            "module.network.aws_vpc.eks_vpc",
            "module.node.aws_iam_role.eks_node_role"
          ]
        }
      ]
    }
  ]
}
