{
  "version": 4,
  "terraform_version": "1.0.11",
  "serial": 382,
  "lineage": "9275c43d-ad89-a2c4-1525-da8eb8a1c5fc",
  "outputs": {},
  "resources": [
    {
      "module": "module.master",
      "mode": "managed",
      "type": "aws_eks_cluster",
      "name": "eks_cluster",
      "provider": "provider[\"registry.terraform.io/hashicorp/aws\"]",
      "instances": [
        {
          "schema_version": 0,
          "attributes": {
            "arn": "arn:aws:eks:us-east-1:816678621138:cluster/k8s-demo",
            "certificate_authority": [
              {
                "data": "LS0tLS1CRUdJTiBDRVJUSUZJQ0FURS0tLS0tCk1JSUM1ekNDQWMrZ0F3SUJBZ0lCQURBTkJna3Foa2lHOXcwQkFRc0ZBREFWTVJNd0VRWURWUVFERXdwcmRXSmwKY201bGRHVnpNQjRYRFRJeU1ERXdOREF3TkRJeE5Wb1hEVE15TURFd01qQXdOREl4TlZvd0ZURVRNQkVHQTFVRQpBeE1LYTNWaVpYSnVaWFJsY3pDQ0FTSXdEUVlKS29aSWh2Y05BUUVCQlFBRGdnRVBBRENDQVFvQ2dnRUJBTFlsCkZtRXJURUdkQUNKd09LR3A1NVkzcDNCMklUMllINVBpRGVsL21tczNEUDZURnNFZkdnRnhLN3hhSXFYMGhza0EKRmR1MjZSUE1Dc0tDb1BiUy9pVXMydlpKRjhqZzYxT3F6VHJqY0pnRTFkQVJFLzdRd0EyRUJHSWRTbElaMytlcQpvZTZ6cStYY3k5VnlPbUxjWFFMc2VDZGZ2QTBDWTByeVY2MW91TnNnajdJaVpnMTV0Y0VFbTk5aGhGWU5VNGdZCnJrRmdlUjBmQUIzYkcyZ2tPWnE0WkI4aFFhZ2psUVRYTm96RDl5M29MRzFIWGE2OEtXVGR2dW5HNDkvYlE4S28KVElUZTNzZ2doSUhPamVzTi9Fd21seUNYdVhRaEpIZU9peG5QUVBjSmw1aFpZTGlvdXhld1dpWnNsMkNzMW0wdQpjMzRBK1d0UzNZdU1SekdiRHJFQ0F3RUFBYU5DTUVBd0RnWURWUjBQQVFIL0JBUURBZ0trTUE4R0ExVWRFd0VCCi93UUZNQU1CQWY4d0hRWURWUjBPQkJZRUZCRFprSEVHMXkvemQ1SnVLM1RINFVOSURURWRNQTBHQ1NxR1NJYjMKRFFFQkN3VUFBNElCQVFCanNNRFQvOVpEeUhuR283TXhxQVlpUkYwMm9ZbFRFRUU4ZUlNKzVhaDZ6NC90aFRRQgpzL0o4bVpCL0RyS1liTUc4REZuQlh4dEEvZlVCSVc0Qnl5V2YrZDVJejdqanhaWUJwNkE2QU1ISUgwK2g1dEpDCm96Wm9yY1pPZUw5N3YrLzU1OUdJWjh3RElpWXJ0dUZnOWJqNHJzbVZZd3RGT1ZxZi9kazNBaUFJVVB0OEE2Y1AKQ2JFRUN3ak1tU0lyWXdHbnBYTktKeW9LaCtSMFI0VkEvdzhZUHFUS2tRTGdzZUZHNEMxSnkyQUxNdHBsOU1RSwpFWTFyTzZmUTVwVzBiRnI2MGREU2VmMkIrV05lempyWnNkTFQxWUE3QmNyeWZVQ25HZ0h0eVltQzlZY1NnRkwzCkZOUStBbFpKSDZjOE94dG0xTGJvREVkRmszdWFxME9TSTQvbgotLS0tLUVORCBDRVJUSUZJQ0FURS0tLS0tCg=="
              }
            ],
            "created_at": "2022-01-04 00:35:52.271 +0000 UTC",
            "enabled_cluster_log_types": null,
            "encryption_config": [],
            "endpoint": "https://A96790305A79B5E1CBE576883DB76E52.gr7.us-east-1.eks.amazonaws.com",
            "id": "k8s-demo",
            "identity": [
              {
                "oidc": [
                  {
                    "issuer": "https://oidc.eks.us-east-1.amazonaws.com/id/A96790305A79B5E1CBE576883DB76E52"
                  }
                ]
              }
            ],
            "kubernetes_network_config": [
              {
                "service_ipv4_cidr": "172.20.0.0/16"
              }
            ],
            "name": "k8s-demo",
            "platform_version": "eks.4",
            "role_arn": "arn:aws:iam::816678621138:role/k8s-demo-master-role",
            "status": "ACTIVE",
            "tags": null,
            "tags_all": {},
            "timeouts": null,
            "version": "1.21",
            "vpc_config": [
              {
                "cluster_security_group_id": "sg-03512791550ef6c43",
                "endpoint_private_access": false,
                "endpoint_public_access": true,
                "public_access_cidrs": [
                  "0.0.0.0/0"
                ],
                "security_group_ids": null,
                "subnet_ids": [
                  "subnet-06a0042aa005c2887",
                  "subnet-0fba75f46b4ff5121"
                ],
                "vpc_id": "vpc-085ecc209ee6f58f7"
              }
            ]
          },
          "sensitive_attributes": [],
          "private": "eyJlMmJmYjczMC1lY2FhLTExZTYtOGY4OC0zNDM2M2JjN2M0YzAiOnsiY3JlYXRlIjoxODAwMDAwMDAwMDAwLCJkZWxldGUiOjkwMDAwMDAwMDAwMCwidXBkYXRlIjozNjAwMDAwMDAwMDAwfX0=",
          "dependencies": [
            "module.master.aws_iam_role.eks_master_role",
            "module.master.aws_iam_role_policy_attachment.eks_cluster_cluster",
            "module.master.aws_iam_role_policy_attachment.eks_cluster_service",
            "module.network.aws_subnet.eks_subnet_private_1a",
            "module.network.aws_subnet.eks_subnet_private_1b",
            "module.network.aws_vpc.eks_vpc"
          ]
        }
      ]
    },
    {
      "module": "module.master",
      "mode": "managed",
      "type": "aws_iam_role",
      "name": "eks_master_role",
      "provider": "provider[\"registry.terraform.io/hashicorp/aws\"]",
      "instances": [
        {
          "schema_version": 0,
          "attributes": {
            "arn": "arn:aws:iam::816678621138:role/k8s-demo-master-role",
            "assume_role_policy": "{\"Version\":\"2012-10-17\",\"Statement\":[{\"Effect\":\"Allow\",\"Principal\":{\"Service\":\"eks.amazonaws.com\"},\"Action\":\"sts:AssumeRole\"}]}",
            "create_date": "2022-01-04T00:35:27Z",
            "description": "",
            "force_detach_policies": false,
            "id": "k8s-demo-master-role",
            "inline_policy": [
              {
                "name": "",
                "policy": ""
              }
            ],
            "managed_policy_arns": [],
            "max_session_duration": 3600,
            "name": "k8s-demo-master-role",
            "name_prefix": "",
            "path": "/",
            "permissions_boundary": null,
            "tags": null,
            "tags_all": {},
            "unique_id": "AROA34JOWZ7JJK5QY33BW"
          },
          "sensitive_attributes": [],
          "private": "bnVsbA=="
        }
      ]
    },
    {
      "module": "module.master",
      "mode": "managed",
      "type": "aws_iam_role_policy_attachment",
      "name": "eks_cluster_cluster",
      "provider": "provider[\"registry.terraform.io/hashicorp/aws\"]",
      "instances": [
        {
          "schema_version": 0,
          "attributes": {
            "id": "k8s-demo-master-role-20220104003530637600000002",
            "policy_arn": "arn:aws:iam::aws:policy/AmazonEKSClusterPolicy",
            "role": "k8s-demo-master-role"
          },
          "sensitive_attributes": [],
          "private": "bnVsbA==",
          "dependencies": [
            "module.master.aws_iam_role.eks_master_role"
          ]
        }
      ]
    },
    {
      "module": "module.master",
      "mode": "managed",
      "type": "aws_iam_role_policy_attachment",
      "name": "eks_cluster_service",
      "provider": "provider[\"registry.terraform.io/hashicorp/aws\"]",
      "instances": [
        {
          "schema_version": 0,
          "attributes": {
            "id": "k8s-demo-master-role-20220104003530632100000001",
            "policy_arn": "arn:aws:iam::aws:policy/AmazonEKSServicePolicy",
            "role": "k8s-demo-master-role"
          },
          "sensitive_attributes": [],
          "private": "bnVsbA==",
          "dependencies": [
            "module.master.aws_iam_role.eks_master_role"
          ]
        }
      ]
    },
    {
      "module": "module.master",
      "mode": "managed",
      "type": "aws_security_group_rule",
      "name": "eks_sg_ingress_rule",
      "provider": "provider[\"registry.terraform.io/hashicorp/aws\"]",
      "instances": [
        {
          "schema_version": 2,
          "attributes": {
            "cidr_blocks": [
              "0.0.0.0/0"
            ],
            "description": null,
            "from_port": 443,
            "id": "sgrule-2894335840",
            "ipv6_cidr_blocks": null,
            "prefix_list_ids": null,
            "protocol": "tcp",
            "security_group_id": "sg-03512791550ef6c43",
            "self": false,
            "source_security_group_id": null,
            "to_port": 443,
            "type": "ingress"
          },
          "sensitive_attributes": [],
          "private": "eyJzY2hlbWFfdmVyc2lvbiI6IjIifQ==",
          "dependencies": [
            "module.master.aws_eks_cluster.eks_cluster",
            "module.master.aws_iam_role.eks_master_role",
            "module.master.aws_iam_role_policy_attachment.eks_cluster_cluster",
            "module.master.aws_iam_role_policy_attachment.eks_cluster_service",
            "module.network.aws_subnet.eks_subnet_private_1a",
            "module.network.aws_subnet.eks_subnet_private_1b",
            "module.network.aws_vpc.eks_vpc"
          ]
        }
      ]
    },
    {
      "module": "module.network",
      "mode": "managed",
      "type": "aws_eip",
      "name": "eks_eip",
      "provider": "provider[\"registry.terraform.io/hashicorp/aws\"]",
      "instances": [
        {
          "schema_version": 0,
          "attributes": {
            "address": null,
            "allocation_id": "eipalloc-09bf3d0aaef15f35b",
            "associate_with_private_ip": null,
            "association_id": "",
            "carrier_ip": "",
            "customer_owned_ip": "",
            "customer_owned_ipv4_pool": "",
            "domain": "vpc",
            "id": "eipalloc-09bf3d0aaef15f35b",
            "instance": "",
            "network_border_group": "us-east-1",
            "network_interface": "",
            "private_dns": null,
            "private_ip": "",
            "public_dns": "ec2-52-4-159-209.compute-1.amazonaws.com",
            "public_ip": "52.4.159.209",
            "public_ipv4_pool": "amazon",
            "tags": {
              "Name": "k8s-demo-elastic-ip"
            },
            "tags_all": {
              "Name": "k8s-demo-elastic-ip"
            },
            "timeouts": null,
            "vpc": true
          },
          "sensitive_attributes": [],
          "private": "eyJlMmJmYjczMC1lY2FhLTExZTYtOGY4OC0zNDM2M2JjN2M0YzAiOnsiZGVsZXRlIjoxODAwMDAwMDAwMDAsInJlYWQiOjkwMDAwMDAwMDAwMCwidXBkYXRlIjozMDAwMDAwMDAwMDB9fQ=="
        }
      ]
    },
    {
      "module": "module.network",
      "mode": "managed",
      "type": "aws_internet_gateway",
      "name": "eks_ig",
      "provider": "provider[\"registry.terraform.io/hashicorp/aws\"]",
      "instances": [
        {
          "schema_version": 0,
          "attributes": {
            "arn": "arn:aws:ec2:us-east-1:816678621138:internet-gateway/igw-0d53c20d7581473be",
            "id": "igw-0d53c20d7581473be",
            "owner_id": "816678621138",
            "tags": {
              "Name": "k8s-demo-internet-gateway"
            },
            "tags_all": {
              "Name": "k8s-demo-internet-gateway"
            },
            "vpc_id": "vpc-085ecc209ee6f58f7"
          },
          "sensitive_attributes": [],
          "private": "bnVsbA==",
          "dependencies": [
            "module.network.aws_vpc.eks_vpc"
          ]
        }
      ]
    },
    {
      "module": "module.network",
      "mode": "managed",
      "type": "aws_nat_gateway",
      "name": "eks_nat_gw",
      "provider": "provider[\"registry.terraform.io/hashicorp/aws\"]",
      "instances": [
        {
          "schema_version": 0,
          "attributes": {
            "allocation_id": "eipalloc-09bf3d0aaef15f35b",
            "connectivity_type": "public",
            "id": "nat-0787f39fe2547afe6",
            "network_interface_id": "eni-028f9501a0216d221",
            "private_ip": "10.0.3.14",
            "public_ip": "52.4.159.209",
            "subnet_id": "subnet-08f3dd6081c8dc677",
            "tags": {
              "Name": "k8s-demo-nat-gateway"
            },
            "tags_all": {
              "Name": "k8s-demo-nat-gateway"
            }
          },
          "sensitive_attributes": [],
          "private": "bnVsbA==",
          "dependencies": [
            "module.network.aws_eip.eks_eip",
            "module.network.aws_subnet.eks_subnet_public_1a",
            "module.network.aws_vpc.eks_vpc"
          ]
        }
      ]
    },
    {
      "module": "module.network",
      "mode": "managed",
      "type": "aws_route_table",
      "name": "eks_nat_rt",
      "provider": "provider[\"registry.terraform.io/hashicorp/aws\"]",
      "instances": [
        {
          "schema_version": 0,
          "attributes": {
            "arn": "arn:aws:ec2:us-east-1:816678621138:route-table/rtb-0f4bba6de0ff31099",
            "id": "rtb-0f4bba6de0ff31099",
            "owner_id": "816678621138",
            "propagating_vgws": [],
            "route": [
              {
                "carrier_gateway_id": "",
                "cidr_block": "0.0.0.0/0",
                "destination_prefix_list_id": "",
                "egress_only_gateway_id": "",
                "gateway_id": "",
                "instance_id": "",
                "ipv6_cidr_block": "",
                "local_gateway_id": "",
                "nat_gateway_id": "nat-0787f39fe2547afe6",
                "network_interface_id": "",
                "transit_gateway_id": "",
                "vpc_endpoint_id": "",
                "vpc_peering_connection_id": ""
              }
            ],
            "tags": {
              "Name": "k8s-demo-private-rt"
            },
            "tags_all": {
              "Name": "k8s-demo-private-rt"
            },
            "timeouts": null,
            "vpc_id": "vpc-085ecc209ee6f58f7"
          },
          "sensitive_attributes": [],
          "private": "eyJlMmJmYjczMC1lY2FhLTExZTYtOGY4OC0zNDM2M2JjN2M0YzAiOnsiY3JlYXRlIjoxMjAwMDAwMDAwMDAsImRlbGV0ZSI6MzAwMDAwMDAwMDAwLCJ1cGRhdGUiOjEyMDAwMDAwMDAwMH19",
          "dependencies": [
            "module.network.aws_eip.eks_eip",
            "module.network.aws_nat_gateway.eks_nat_gw",
            "module.network.aws_subnet.eks_subnet_public_1a",
            "module.network.aws_vpc.eks_vpc"
          ]
        }
      ]
    },
    {
      "module": "module.network",
      "mode": "managed",
      "type": "aws_route_table",
      "name": "eks_public_rt",
      "provider": "provider[\"registry.terraform.io/hashicorp/aws\"]",
      "instances": [
        {
          "schema_version": 0,
          "attributes": {
            "arn": "arn:aws:ec2:us-east-1:816678621138:route-table/rtb-017ac3c3c75786a24",
            "id": "rtb-017ac3c3c75786a24",
            "owner_id": "816678621138",
            "propagating_vgws": [],
            "route": [
              {
                "carrier_gateway_id": "",
                "cidr_block": "0.0.0.0/0",
                "destination_prefix_list_id": "",
                "egress_only_gateway_id": "",
                "gateway_id": "igw-0d53c20d7581473be",
                "instance_id": "",
                "ipv6_cidr_block": "",
                "local_gateway_id": "",
                "nat_gateway_id": "",
                "network_interface_id": "",
                "transit_gateway_id": "",
                "vpc_endpoint_id": "",
                "vpc_peering_connection_id": ""
              }
            ],
            "tags": {
              "Name": "k8s-demo-public-rt"
            },
            "tags_all": {
              "Name": "k8s-demo-public-rt"
            },
            "timeouts": null,
            "vpc_id": "vpc-085ecc209ee6f58f7"
          },
          "sensitive_attributes": [],
          "private": "eyJlMmJmYjczMC1lY2FhLTExZTYtOGY4OC0zNDM2M2JjN2M0YzAiOnsiY3JlYXRlIjoxMjAwMDAwMDAwMDAsImRlbGV0ZSI6MzAwMDAwMDAwMDAwLCJ1cGRhdGUiOjEyMDAwMDAwMDAwMH19",
          "dependencies": [
            "module.network.aws_internet_gateway.eks_ig",
            "module.network.aws_vpc.eks_vpc"
          ]
        }
      ]
    },
    {
      "module": "module.network",
      "mode": "managed",
      "type": "aws_route_table_association",
      "name": "eks_private_rt_association_1a",
      "provider": "provider[\"registry.terraform.io/hashicorp/aws\"]",
      "instances": [
        {
          "schema_version": 0,
          "attributes": {
            "gateway_id": "",
            "id": "rtbassoc-030310a37b68fc3f8",
            "route_table_id": "rtb-0f4bba6de0ff31099",
            "subnet_id": "subnet-06a0042aa005c2887"
          },
          "sensitive_attributes": [],
          "private": "bnVsbA==",
          "dependencies": [
            "module.network.aws_eip.eks_eip",
            "module.network.aws_nat_gateway.eks_nat_gw",
            "module.network.aws_route_table.eks_nat_rt",
            "module.network.aws_subnet.eks_subnet_private_1a",
            "module.network.aws_subnet.eks_subnet_public_1a",
            "module.network.aws_vpc.eks_vpc"
          ]
        }
      ]
    },
    {
      "module": "module.network",
      "mode": "managed",
      "type": "aws_route_table_association",
      "name": "eks_private_rt_association_1b",
      "provider": "provider[\"registry.terraform.io/hashicorp/aws\"]",
      "instances": [
        {
          "schema_version": 0,
          "attributes": {
            "gateway_id": "",
            "id": "rtbassoc-03c4f0dc343d6a3e5",
            "route_table_id": "rtb-0f4bba6de0ff31099",
            "subnet_id": "subnet-0fba75f46b4ff5121"
          },
          "sensitive_attributes": [],
          "private": "bnVsbA==",
          "dependencies": [
            "module.network.aws_eip.eks_eip",
            "module.network.aws_nat_gateway.eks_nat_gw",
            "module.network.aws_route_table.eks_nat_rt",
            "module.network.aws_subnet.eks_subnet_private_1b",
            "module.network.aws_subnet.eks_subnet_public_1a",
            "module.network.aws_vpc.eks_vpc"
          ]
        }
      ]
    },
    {
      "module": "module.network",
      "mode": "managed",
      "type": "aws_route_table_association",
      "name": "eks_public_rt_association_1a",
      "provider": "provider[\"registry.terraform.io/hashicorp/aws\"]",
      "instances": [
        {
          "schema_version": 0,
          "attributes": {
            "gateway_id": "",
            "id": "rtbassoc-0e0040d46fb5ec735",
            "route_table_id": "rtb-017ac3c3c75786a24",
            "subnet_id": "subnet-08f3dd6081c8dc677"
          },
          "sensitive_attributes": [],
          "private": "bnVsbA==",
          "dependencies": [
            "module.network.aws_internet_gateway.eks_ig",
            "module.network.aws_route_table.eks_public_rt",
            "module.network.aws_subnet.eks_subnet_public_1a",
            "module.network.aws_vpc.eks_vpc"
          ]
        }
      ]
    },
    {
      "module": "module.network",
      "mode": "managed",
      "type": "aws_route_table_association",
      "name": "eks_public_rt_association_1b",
      "provider": "provider[\"registry.terraform.io/hashicorp/aws\"]",
      "instances": [
        {
          "schema_version": 0,
          "attributes": {
            "gateway_id": "",
            "id": "rtbassoc-0288690e0c79e0ff4",
            "route_table_id": "rtb-017ac3c3c75786a24",
            "subnet_id": "subnet-025ad87f94431a27d"
          },
          "sensitive_attributes": [],
          "private": "bnVsbA==",
          "dependencies": [
            "module.network.aws_internet_gateway.eks_ig",
            "module.network.aws_route_table.eks_public_rt",
            "module.network.aws_subnet.eks_subnet_public_1b",
            "module.network.aws_vpc.eks_vpc"
          ]
        }
      ]
    },
    {
      "module": "module.network",
      "mode": "managed",
      "type": "aws_subnet",
      "name": "eks_subnet_private_1a",
      "provider": "provider[\"registry.terraform.io/hashicorp/aws\"]",
      "instances": [
        {
          "schema_version": 1,
          "attributes": {
            "arn": "arn:aws:ec2:us-east-1:816678621138:subnet/subnet-06a0042aa005c2887",
            "assign_ipv6_address_on_creation": false,
            "availability_zone": "us-east-1a",
            "availability_zone_id": "use1-az1",
            "cidr_block": "10.0.1.0/24",
            "customer_owned_ipv4_pool": "",
            "id": "subnet-06a0042aa005c2887",
            "ipv6_cidr_block": "",
            "ipv6_cidr_block_association_id": "",
            "map_customer_owned_ip_on_launch": false,
            "map_public_ip_on_launch": false,
            "outpost_arn": "",
            "owner_id": "816678621138",
            "tags": {
              "Name": "k8s-demo-subnet-private-1a",
              "kubernetes.io/cluster/k8s-demo": "shared"
            },
            "tags_all": {
              "Name": "k8s-demo-subnet-private-1a",
              "kubernetes.io/cluster/k8s-demo": "shared"
            },
            "timeouts": null,
            "vpc_id": "vpc-085ecc209ee6f58f7"
          },
          "sensitive_attributes": [],
          "private": "eyJlMmJmYjczMC1lY2FhLTExZTYtOGY4OC0zNDM2M2JjN2M0YzAiOnsiY3JlYXRlIjo2MDAwMDAwMDAwMDAsImRlbGV0ZSI6MTIwMDAwMDAwMDAwMH0sInNjaGVtYV92ZXJzaW9uIjoiMSJ9",
          "dependencies": [
            "module.network.aws_vpc.eks_vpc"
          ]
        }
      ]
    },
    {
      "module": "module.network",
      "mode": "managed",
      "type": "aws_subnet",
      "name": "eks_subnet_private_1b",
      "provider": "provider[\"registry.terraform.io/hashicorp/aws\"]",
      "instances": [
        {
          "schema_version": 1,
          "attributes": {
            "arn": "arn:aws:ec2:us-east-1:816678621138:subnet/subnet-0fba75f46b4ff5121",
            "assign_ipv6_address_on_creation": false,
            "availability_zone": "us-east-1b",
            "availability_zone_id": "use1-az2",
            "cidr_block": "10.0.2.0/24",
            "customer_owned_ipv4_pool": "",
            "id": "subnet-0fba75f46b4ff5121",
            "ipv6_cidr_block": "",
            "ipv6_cidr_block_association_id": "",
            "map_customer_owned_ip_on_launch": false,
            "map_public_ip_on_launch": false,
            "outpost_arn": "",
            "owner_id": "816678621138",
            "tags": {
              "Name": "k8s-demo-subnet-private-1b",
              "kubernetes.io/cluster/k8s-demo": "shared"
            },
            "tags_all": {
              "Name": "k8s-demo-subnet-private-1b",
              "kubernetes.io/cluster/k8s-demo": "shared"
            },
            "timeouts": null,
            "vpc_id": "vpc-085ecc209ee6f58f7"
          },
          "sensitive_attributes": [],
          "private": "eyJlMmJmYjczMC1lY2FhLTExZTYtOGY4OC0zNDM2M2JjN2M0YzAiOnsiY3JlYXRlIjo2MDAwMDAwMDAwMDAsImRlbGV0ZSI6MTIwMDAwMDAwMDAwMH0sInNjaGVtYV92ZXJzaW9uIjoiMSJ9",
          "dependencies": [
            "module.network.aws_vpc.eks_vpc"
          ]
        }
      ]
    },
    {
      "module": "module.network",
      "mode": "managed",
      "type": "aws_subnet",
      "name": "eks_subnet_public_1a",
      "provider": "provider[\"registry.terraform.io/hashicorp/aws\"]",
      "instances": [
        {
          "schema_version": 1,
          "attributes": {
            "arn": "arn:aws:ec2:us-east-1:816678621138:subnet/subnet-08f3dd6081c8dc677",
            "assign_ipv6_address_on_creation": false,
            "availability_zone": "us-east-1a",
            "availability_zone_id": "use1-az1",
            "cidr_block": "10.0.3.0/24",
            "customer_owned_ipv4_pool": "",
            "id": "subnet-08f3dd6081c8dc677",
            "ipv6_cidr_block": "",
            "ipv6_cidr_block_association_id": "",
            "map_customer_owned_ip_on_launch": false,
            "map_public_ip_on_launch": true,
            "outpost_arn": "",
            "owner_id": "816678621138",
            "tags": {
              "Name": "k8s-demo-subnet-public-1a",
              "kubernetes.io/cluster/k8s-demo": "shared"
            },
            "tags_all": {
              "Name": "k8s-demo-subnet-public-1a",
              "kubernetes.io/cluster/k8s-demo": "shared"
            },
            "timeouts": null,
            "vpc_id": "vpc-085ecc209ee6f58f7"
          },
          "sensitive_attributes": [],
          "private": "eyJlMmJmYjczMC1lY2FhLTExZTYtOGY4OC0zNDM2M2JjN2M0YzAiOnsiY3JlYXRlIjo2MDAwMDAwMDAwMDAsImRlbGV0ZSI6MTIwMDAwMDAwMDAwMH0sInNjaGVtYV92ZXJzaW9uIjoiMSJ9",
          "dependencies": [
            "module.network.aws_vpc.eks_vpc"
          ]
        }
      ]
    },
    {
      "module": "module.network",
      "mode": "managed",
      "type": "aws_subnet",
      "name": "eks_subnet_public_1b",
      "provider": "provider[\"registry.terraform.io/hashicorp/aws\"]",
      "instances": [
        {
          "schema_version": 1,
          "attributes": {
            "arn": "arn:aws:ec2:us-east-1:816678621138:subnet/subnet-025ad87f94431a27d",
            "assign_ipv6_address_on_creation": false,
            "availability_zone": "us-east-1b",
            "availability_zone_id": "use1-az2",
            "cidr_block": "10.0.4.0/24",
            "customer_owned_ipv4_pool": "",
            "id": "subnet-025ad87f94431a27d",
            "ipv6_cidr_block": "",
            "ipv6_cidr_block_association_id": "",
            "map_customer_owned_ip_on_launch": false,
            "map_public_ip_on_launch": true,
            "outpost_arn": "",
            "owner_id": "816678621138",
            "tags": {
              "Name": "k8s-demo-subnet-public-1b",
              "kubernetes.io/cluster/k8s-demo": "shared"
            },
            "tags_all": {
              "Name": "k8s-demo-subnet-public-1b",
              "kubernetes.io/cluster/k8s-demo": "shared"
            },
            "timeouts": null,
            "vpc_id": "vpc-085ecc209ee6f58f7"
          },
          "sensitive_attributes": [],
          "private": "eyJlMmJmYjczMC1lY2FhLTExZTYtOGY4OC0zNDM2M2JjN2M0YzAiOnsiY3JlYXRlIjo2MDAwMDAwMDAwMDAsImRlbGV0ZSI6MTIwMDAwMDAwMDAwMH0sInNjaGVtYV92ZXJzaW9uIjoiMSJ9",
          "dependencies": [
            "module.network.aws_vpc.eks_vpc"
          ]
        }
      ]
    },
    {
      "module": "module.network",
      "mode": "managed",
      "type": "aws_vpc",
      "name": "eks_vpc",
      "provider": "provider[\"registry.terraform.io/hashicorp/aws\"]",
      "instances": [
        {
          "schema_version": 1,
          "attributes": {
            "arn": "arn:aws:ec2:us-east-1:816678621138:vpc/vpc-085ecc209ee6f58f7",
            "assign_generated_ipv6_cidr_block": false,
            "cidr_block": "10.0.0.0/16",
            "default_network_acl_id": "acl-09938994b79836910",
            "default_route_table_id": "rtb-03b36150f079a0596",
            "default_security_group_id": "sg-007b4c1ff19a997bd",
            "dhcp_options_id": "dopt-3f796e45",
            "enable_classiclink": false,
            "enable_classiclink_dns_support": false,
            "enable_dns_hostnames": true,
            "enable_dns_support": true,
            "id": "vpc-085ecc209ee6f58f7",
            "instance_tenancy": "default",
            "ipv6_association_id": "",
            "ipv6_cidr_block": "",
            "main_route_table_id": "rtb-03b36150f079a0596",
            "owner_id": "816678621138",
            "tags": {
              "Name": "k8s-demo-vpc"
            },
            "tags_all": {
              "Name": "k8s-demo-vpc"
            }
          },
          "sensitive_attributes": [],
          "private": "eyJzY2hlbWFfdmVyc2lvbiI6IjEifQ=="
        }
      ]
    },
    {
      "module": "module.node",
      "mode": "managed",
      "type": "aws_eks_node_group",
      "name": "eks_node_group",
      "provider": "provider[\"registry.terraform.io/hashicorp/aws\"]",
      "instances": [
        {
          "schema_version": 0,
          "attributes": {
            "ami_type": "AL2_x86_64",
            "arn": "arn:aws:eks:us-east-1:816678621138:nodegroup/k8s-demo/k8s-demo-node-group/1cbf1146-bb32-470e-53d1-04acbb954eb5",
            "capacity_type": "ON_DEMAND",
            "cluster_name": "k8s-demo",
            "disk_size": 20,
            "force_update_version": null,
            "id": "k8s-demo:k8s-demo-node-group",
            "instance_types": [
              "t3.medium"
            ],
            "labels": null,
            "launch_template": [],
            "node_group_name": "k8s-demo-node-group",
            "node_group_name_prefix": "",
            "node_role_arn": "arn:aws:iam::816678621138:role/k8s-demo-node-role",
            "release_version": "1.21.5-20211206",
            "remote_access": [],
            "resources": [
              {
                "autoscaling_groups": [
                  {
                    "name": "eks-k8s-demo-node-group-1cbf1146-bb32-470e-53d1-04acbb954eb5"
                  }
                ],
                "remote_access_security_group_id": ""
              }
            ],
            "scaling_config": [
              {
                "desired_size": 2,
                "max_size": 4,
                "min_size": 1
              }
            ],
            "status": "ACTIVE",
            "subnet_ids": [
              "subnet-06a0042aa005c2887",
              "subnet-0fba75f46b4ff5121"
            ],
            "tags": null,
            "tags_all": {},
            "taint": [],
            "timeouts": null,
            "update_config": [
              {
                "max_unavailable": 1,
                "max_unavailable_percentage": 0
              }
            ],
            "version": "1.21"
          },
          "sensitive_attributes": [],
          "private": "eyJlMmJmYjczMC1lY2FhLTExZTYtOGY4OC0zNDM2M2JjN2M0YzAiOnsiY3JlYXRlIjozNjAwMDAwMDAwMDAwLCJkZWxldGUiOjM2MDAwMDAwMDAwMDAsInVwZGF0ZSI6MzYwMDAwMDAwMDAwMH19",
          "dependencies": [
            "module.master.aws_eks_cluster.eks_cluster",
            "module.master.aws_iam_role.eks_master_role",
            "module.master.aws_iam_role_policy_attachment.eks_cluster_cluster",
            "module.master.aws_iam_role_policy_attachment.eks_cluster_service",
            "module.network.aws_subnet.eks_subnet_private_1a",
            "module.network.aws_subnet.eks_subnet_private_1b",
            "module.network.aws_vpc.eks_vpc",
            "module.node.aws_iam_role.eks_node_role",
            "module.node.aws_iam_role_policy_attachment.eks_AmazonEC2ContainerRegistryReadOnly",
            "module.node.aws_iam_role_policy_attachment.eks_AmazonEKSWorkerNodePolicy",
            "module.node.aws_iam_role_policy_attachment.eks_AmazonEKS_CNI_Policy"
          ]
        }
      ]
    },
    {
      "module": "module.node",
      "mode": "managed",
      "type": "aws_iam_role",
      "name": "eks_node_role",
      "provider": "provider[\"registry.terraform.io/hashicorp/aws\"]",
      "instances": [
        {
          "schema_version": 0,
          "attributes": {
            "arn": "arn:aws:iam::816678621138:role/k8s-demo-node-role",
            "assume_role_policy": "{\"Version\":\"2012-10-17\",\"Statement\":[{\"Effect\":\"Allow\",\"Principal\":{\"Service\":\"ec2.amazonaws.com\"},\"Action\":\"sts:AssumeRole\"}]}",
            "create_date": "2022-01-04T00:46:38Z",
            "description": "",
            "force_detach_policies": false,
            "id": "k8s-demo-node-role",
            "inline_policy": [
              {
                "name": "",
                "policy": ""
              }
            ],
            "managed_policy_arns": [],
            "max_session_duration": 3600,
            "name": "k8s-demo-node-role",
            "name_prefix": "",
            "path": "/",
            "permissions_boundary": null,
            "tags": null,
            "tags_all": {},
            "unique_id": "AROA34JOWZ7JGBFQI536I"
          },
          "sensitive_attributes": [],
          "private": "bnVsbA==",
          "dependencies": [
            "module.master.aws_eks_cluster.eks_cluster",
            "module.master.aws_iam_role.eks_master_role",
            "module.master.aws_iam_role_policy_attachment.eks_cluster_cluster",
            "module.master.aws_iam_role_policy_attachment.eks_cluster_service",
            "module.network.aws_subnet.eks_subnet_private_1a",
            "module.network.aws_subnet.eks_subnet_private_1b",
            "module.network.aws_vpc.eks_vpc"
          ]
        }
      ]
    },
    {
      "module": "module.node",
      "mode": "managed",
      "type": "aws_iam_role_policy_attachment",
      "name": "eks_AmazonEC2ContainerRegistryReadOnly",
      "provider": "provider[\"registry.terraform.io/hashicorp/aws\"]",
      "instances": [
        {
          "schema_version": 0,
          "attributes": {
            "id": "k8s-demo-node-role-20220104004641950400000005",
            "policy_arn": "arn:aws:iam::aws:policy/AmazonEC2ContainerRegistryReadOnly",
            "role": "k8s-demo-node-role"
          },
          "sensitive_attributes": [],
          "private": "bnVsbA==",
          "dependencies": [
            "module.master.aws_eks_cluster.eks_cluster",
            "module.master.aws_iam_role.eks_master_role",
            "module.master.aws_iam_role_policy_attachment.eks_cluster_cluster",
            "module.master.aws_iam_role_policy_attachment.eks_cluster_service",
            "module.network.aws_subnet.eks_subnet_private_1a",
            "module.network.aws_subnet.eks_subnet_private_1b",
            "module.network.aws_vpc.eks_vpc",
            "module.node.aws_iam_role.eks_node_role"
          ]
        }
      ]
    },
    {
      "module": "module.node",
      "mode": "managed",
      "type": "aws_iam_role_policy_attachment",
      "name": "eks_AmazonEKSWorkerNodePolicy",
      "provider": "provider[\"registry.terraform.io/hashicorp/aws\"]",
      "instances": [
        {
          "schema_version": 0,
          "attributes": {
            "id": "k8s-demo-node-role-20220104004641949200000004",
            "policy_arn": "arn:aws:iam::aws:policy/AmazonEKSWorkerNodePolicy",
            "role": "k8s-demo-node-role"
          },
          "sensitive_attributes": [],
          "private": "bnVsbA==",
          "dependencies": [
            "module.master.aws_eks_cluster.eks_cluster",
            "module.master.aws_iam_role.eks_master_role",
            "module.master.aws_iam_role_policy_attachment.eks_cluster_cluster",
            "module.master.aws_iam_role_policy_attachment.eks_cluster_service",
            "module.network.aws_subnet.eks_subnet_private_1a",
            "module.network.aws_subnet.eks_subnet_private_1b",
            "module.network.aws_vpc.eks_vpc",
            "module.node.aws_iam_role.eks_node_role"
          ]
        }
      ]
    },
    {
      "module": "module.node",
      "mode": "managed",
      "type": "aws_iam_role_policy_attachment",
      "name": "eks_AmazonEKS_CNI_Policy",
      "provider": "provider[\"registry.terraform.io/hashicorp/aws\"]",
      "instances": [
        {
          "schema_version": 0,
          "attributes": {
            "id": "k8s-demo-node-role-20220104004641912400000003",
            "policy_arn": "arn:aws:iam::aws:policy/AmazonEKS_CNI_Policy",
            "role": "k8s-demo-node-role"
          },
          "sensitive_attributes": [],
          "private": "bnVsbA==",
          "dependencies": [
            "module.master.aws_eks_cluster.eks_cluster",
            "module.master.aws_iam_role.eks_master_role",
            "module.master.aws_iam_role_policy_attachment.eks_cluster_cluster",
            "module.master.aws_iam_role_policy_attachment.eks_cluster_service",
            "module.network.aws_subnet.eks_subnet_private_1a",
            "module.network.aws_subnet.eks_subnet_private_1b",
            "module.network.aws_vpc.eks_vpc",
            "module.node.aws_iam_role.eks_node_role"
          ]
        }
      ]
    }
  ]
}
